// !$*UTF8*$!
{
	archiveVersion = 1;
	classes = {
	};
	objectVersion = 55;
	objects = {

/* Begin PBXBuildFile section */
		7610DD892887205200CA03BC /* AppDelegate.swift in Sources */ = {isa = PBXBuildFile; fileRef = 7610DD882887205200CA03BC /* AppDelegate.swift */; };
		7610DD8B2887205200CA03BC /* SceneDelegate.swift in Sources */ = {isa = PBXBuildFile; fileRef = 7610DD8A2887205200CA03BC /* SceneDelegate.swift */; };
		7610DD8D2887205200CA03BC /* PlayViewController.swift in Sources */ = {isa = PBXBuildFile; fileRef = 7610DD8C2887205200CA03BC /* PlayViewController.swift */; };
		7610DD902887205200CA03BC /* Main.storyboard in Resources */ = {isa = PBXBuildFile; fileRef = 7610DD8E2887205200CA03BC /* Main.storyboard */; };
		7610DD922887205500CA03BC /* Assets.xcassets in Resources */ = {isa = PBXBuildFile; fileRef = 7610DD912887205500CA03BC /* Assets.xcassets */; };
		7610DD952887205500CA03BC /* LaunchScreen.storyboard in Resources */ = {isa = PBXBuildFile; fileRef = 7610DD932887205500CA03BC /* LaunchScreen.storyboard */; };
		76239191288D908E00790775 /* RankingViewController.swift in Sources */ = {isa = PBXBuildFile; fileRef = 76239190288D908E00790775 /* RankingViewController.swift */; };
		76239195288D917100790775 /* RankingTableViewCell.swift in Sources */ = {isa = PBXBuildFile; fileRef = 76239193288D917000790775 /* RankingTableViewCell.swift */; };
		76239196288D917100790775 /* RankingTableViewCell.xib in Resources */ = {isa = PBXBuildFile; fileRef = 76239194288D917000790775 /* RankingTableViewCell.xib */; };
		76239199288D937100790775 /* Rank.swift in Sources */ = {isa = PBXBuildFile; fileRef = 76239198288D937100790775 /* Rank.swift */; };
		768FE5362887F2DC00B0F76D /* boom.mp4 in Resources */ = {isa = PBXBuildFile; fileRef = 768FE5352887F2DC00B0F76D /* boom.mp4 */; };
		768FE53D2887F3C900B0F76D /* medium.mp3 in Resources */ = {isa = PBXBuildFile; fileRef = 768FE5392887F3C700B0F76D /* medium.mp3 */; };
		768FE53F2887F3C900B0F76D /* easy.mp3 in Resources */ = {isa = PBXBuildFile; fileRef = 768FE53B2887F3C800B0F76D /* easy.mp3 */; };
		768FE5402887F3C900B0F76D /* ready.mp3 in Resources */ = {isa = PBXBuildFile; fileRef = 768FE53C2887F3C900B0F76D /* ready.mp3 */; };
		768FE5422887F3D000B0F76D /* Spacecard.ttf in Resources */ = {isa = PBXBuildFile; fileRef = 768FE5412887F3D000B0F76D /* Spacecard.ttf */; };
		768FE5442888040500B0F76D /* ReadyViewController.swift in Sources */ = {isa = PBXBuildFile; fileRef = 768FE5432888040500B0F76D /* ReadyViewController.swift */; };
		768FE5482888051800B0F76D /* MusicPlayer.swift in Sources */ = {isa = PBXBuildFile; fileRef = 768FE5472888051800B0F76D /* MusicPlayer.swift */; };
		768FE5502888174B00B0F76D /* teemo.mp3 in Resources */ = {isa = PBXBuildFile; fileRef = 768FE54F2888174B00B0F76D /* teemo.mp3 */; };
		76E0957B288DAE6F007E00D6 /* RankManager.swift in Sources */ = {isa = PBXBuildFile; fileRef = 76E0957A288DAE6F007E00D6 /* RankManager.swift */; };
		76E0957D288DC8BD007E00D6 /* hard.mp3 in Resources */ = {isa = PBXBuildFile; fileRef = 76E0957C288DC8BD007E00D6 /* hard.mp3 */; };
/* End PBXBuildFile section */

/* Begin PBXFileReference section */
		7610DD852887205200CA03BC /* MultiThreadGame.app */ = {isa = PBXFileReference; explicitFileType = wrapper.application; includeInIndex = 0; path = MultiThreadGame.app; sourceTree = BUILT_PRODUCTS_DIR; };
		7610DD882887205200CA03BC /* AppDelegate.swift */ = {isa = PBXFileReference; lastKnownFileType = sourcecode.swift; path = AppDelegate.swift; sourceTree = "<group>"; };
		7610DD8A2887205200CA03BC /* SceneDelegate.swift */ = {isa = PBXFileReference; lastKnownFileType = sourcecode.swift; path = SceneDelegate.swift; sourceTree = "<group>"; };
		7610DD8C2887205200CA03BC /* PlayViewController.swift */ = {isa = PBXFileReference; lastKnownFileType = sourcecode.swift; path = PlayViewController.swift; sourceTree = "<group>"; };
		7610DD8F2887205200CA03BC /* Base */ = {isa = PBXFileReference; lastKnownFileType = file.storyboard; name = Base; path = Base.lproj/Main.storyboard; sourceTree = "<group>"; };
		7610DD912887205500CA03BC /* Assets.xcassets */ = {isa = PBXFileReference; lastKnownFileType = folder.assetcatalog; path = Assets.xcassets; sourceTree = "<group>"; };
		7610DD942887205500CA03BC /* Base */ = {isa = PBXFileReference; lastKnownFileType = file.storyboard; name = Base; path = Base.lproj/LaunchScreen.storyboard; sourceTree = "<group>"; };
		7610DD962887205500CA03BC /* Info.plist */ = {isa = PBXFileReference; lastKnownFileType = text.plist.xml; path = Info.plist; sourceTree = "<group>"; };
		76239190288D908E00790775 /* RankingViewController.swift */ = {isa = PBXFileReference; lastKnownFileType = sourcecode.swift; path = RankingViewController.swift; sourceTree = "<group>"; };
		76239193288D917000790775 /* RankingTableViewCell.swift */ = {isa = PBXFileReference; lastKnownFileType = sourcecode.swift; path = RankingTableViewCell.swift; sourceTree = "<group>"; };
		76239194288D917000790775 /* RankingTableViewCell.xib */ = {isa = PBXFileReference; lastKnownFileType = file.xib; path = RankingTableViewCell.xib; sourceTree = "<group>"; };
		76239198288D937100790775 /* Rank.swift */ = {isa = PBXFileReference; lastKnownFileType = sourcecode.swift; path = Rank.swift; sourceTree = "<group>"; };
		768FE5352887F2DC00B0F76D /* boom.mp4 */ = {isa = PBXFileReference; lastKnownFileType = file; path = boom.mp4; sourceTree = "<group>"; };
		768FE5392887F3C700B0F76D /* medium.mp3 */ = {isa = PBXFileReference; lastKnownFileType = audio.mp3; path = medium.mp3; sourceTree = "<group>"; };
		768FE53B2887F3C800B0F76D /* easy.mp3 */ = {isa = PBXFileReference; lastKnownFileType = audio.mp3; path = easy.mp3; sourceTree = "<group>"; };
		768FE53C2887F3C900B0F76D /* ready.mp3 */ = {isa = PBXFileReference; lastKnownFileType = audio.mp3; path = ready.mp3; sourceTree = "<group>"; };
		768FE5412887F3D000B0F76D /* Spacecard.ttf */ = {isa = PBXFileReference; lastKnownFileType = file; path = Spacecard.ttf; sourceTree = "<group>"; };
		768FE5432888040500B0F76D /* ReadyViewController.swift */ = {isa = PBXFileReference; lastKnownFileType = sourcecode.swift; path = ReadyViewController.swift; sourceTree = "<group>"; };
		768FE5472888051800B0F76D /* MusicPlayer.swift */ = {isa = PBXFileReference; lastKnownFileType = sourcecode.swift; path = MusicPlayer.swift; sourceTree = "<group>"; };
		768FE54F2888174B00B0F76D /* teemo.mp3 */ = {isa = PBXFileReference; lastKnownFileType = audio.mp3; path = teemo.mp3; sourceTree = "<group>"; };
		76E0957A288DAE6F007E00D6 /* RankManager.swift */ = {isa = PBXFileReference; lastKnownFileType = sourcecode.swift; path = RankManager.swift; sourceTree = "<group>"; };
		76E0957C288DC8BD007E00D6 /* hard.mp3 */ = {isa = PBXFileReference; lastKnownFileType = audio.mp3; path = hard.mp3; sourceTree = "<group>"; };
/* End PBXFileReference section */

/* Begin PBXFrameworksBuildPhase section */
		7610DD822887205200CA03BC /* Frameworks */ = {
			isa = PBXFrameworksBuildPhase;
			buildActionMask = 2147483647;
			files = (
			);
			runOnlyForDeploymentPostprocessing = 0;
		};
/* End PBXFrameworksBuildPhase section */

/* Begin PBXGroup section */
		7610DD7C2887205200CA03BC = {
			isa = PBXGroup;
			children = (
				7610DD872887205200CA03BC /* MultiThreadGame */,
				7610DD862887205200CA03BC /* Products */,
			);
			sourceTree = "<group>";
		};
		7610DD862887205200CA03BC /* Products */ = {
			isa = PBXGroup;
			children = (
				7610DD852887205200CA03BC /* MultiThreadGame.app */,
			);
			name = Products;
			sourceTree = "<group>";
		};
		7610DD872887205200CA03BC /* MultiThreadGame */ = {
			isa = PBXGroup;
			children = (
				76E09579288DAE64007E00D6 /* Manager */,
				76239197288D936100790775 /* Model */,
				76239192288D914F00790775 /* Cell */,
				768FE545288804E600B0F76D /* Controllers */,
				768FE5462888050800B0F76D /* Music */,
				768FE5372887F3AA00B0F76D /* Font */,
				768FE5382887F3AE00B0F76D /* MP3 */,
				768FE5342887F2C000B0F76D /* MP4 */,
				7610DD882887205200CA03BC /* AppDelegate.swift */,
				7610DD8A2887205200CA03BC /* SceneDelegate.swift */,
				7610DD8E2887205200CA03BC /* Main.storyboard */,
				7610DD912887205500CA03BC /* Assets.xcassets */,
				7610DD932887205500CA03BC /* LaunchScreen.storyboard */,
				7610DD962887205500CA03BC /* Info.plist */,
			);
			path = MultiThreadGame;
			sourceTree = "<group>";
		};
		76239192288D914F00790775 /* Cell */ = {
			isa = PBXGroup;
			children = (
				76239193288D917000790775 /* RankingTableViewCell.swift */,
				76239194288D917000790775 /* RankingTableViewCell.xib */,
			);
			path = Cell;
			sourceTree = "<group>";
		};
		76239197288D936100790775 /* Model */ = {
			isa = PBXGroup;
			children = (
				76239198288D937100790775 /* Rank.swift */,
			);
			path = Model;
			sourceTree = "<group>";
		};
		768FE5342887F2C000B0F76D /* MP4 */ = {
			isa = PBXGroup;
			children = (
				768FE5352887F2DC00B0F76D /* boom.mp4 */,
			);
			path = MP4;
			sourceTree = "<group>";
		};
		768FE5372887F3AA00B0F76D /* Font */ = {
			isa = PBXGroup;
			children = (
				768FE5412887F3D000B0F76D /* Spacecard.ttf */,
			);
			path = Font;
			sourceTree = "<group>";
		};
		768FE5382887F3AE00B0F76D /* MP3 */ = {
			isa = PBXGroup;
			children = (
				768FE54F2888174B00B0F76D /* teemo.mp3 */,
				768FE53B2887F3C800B0F76D /* easy.mp3 */,
				768FE5392887F3C700B0F76D /* medium.mp3 */,
				76E0957C288DC8BD007E00D6 /* hard.mp3 */,
				768FE53C2887F3C900B0F76D /* ready.mp3 */,
			);
			path = MP3;
			sourceTree = "<group>";
		};
		768FE545288804E600B0F76D /* Controllers */ = {
			isa = PBXGroup;
			children = (
				768FE5432888040500B0F76D /* ReadyViewController.swift */,
				7610DD8C2887205200CA03BC /* PlayViewController.swift */,
				76239190288D908E00790775 /* RankingViewController.swift */,
			);
			path = Controllers;
			sourceTree = "<group>";
		};
		768FE5462888050800B0F76D /* Music */ = {
			isa = PBXGroup;
			children = (
				768FE5472888051800B0F76D /* MusicPlayer.swift */,
			);
			path = Music;
			sourceTree = "<group>";
		};
		76E09579288DAE64007E00D6 /* Manager */ = {
			isa = PBXGroup;
			children = (
				76E0957A288DAE6F007E00D6 /* RankManager.swift */,
			);
			path = Manager;
			sourceTree = "<group>";
		};
/* End PBXGroup section */

/* Begin PBXNativeTarget section */
		7610DD842887205200CA03BC /* MultiThreadGame */ = {
			isa = PBXNativeTarget;
			buildConfigurationList = 7610DD992887205500CA03BC /* Build configuration list for PBXNativeTarget "MultiThreadGame" */;
			buildPhases = (
				7610DD812887205200CA03BC /* Sources */,
				7610DD822887205200CA03BC /* Frameworks */,
				7610DD832887205200CA03BC /* Resources */,
			);
			buildRules = (
			);
			dependencies = (
			);
			name = MultiThreadGame;
			productName = MultiThreadGame;
			productReference = 7610DD852887205200CA03BC /* MultiThreadGame.app */;
			productType = "com.apple.product-type.application";
		};
/* End PBXNativeTarget section */

/* Begin PBXProject section */
		7610DD7D2887205200CA03BC /* Project object */ = {
			isa = PBXProject;
			attributes = {
				BuildIndependentTargetsInParallel = 1;
				LastSwiftUpdateCheck = 1340;
				LastUpgradeCheck = 1340;
				TargetAttributes = {
					7610DD842887205200CA03BC = {
						CreatedOnToolsVersion = 13.4.1;
					};
				};
			};
			buildConfigurationList = 7610DD802887205200CA03BC /* Build configuration list for PBXProject "MultiThreadGame" */;
			compatibilityVersion = "Xcode 13.0";
			developmentRegion = en;
			hasScannedForEncodings = 0;
			knownRegions = (
				en,
				Base,
			);
			mainGroup = 7610DD7C2887205200CA03BC;
			productRefGroup = 7610DD862887205200CA03BC /* Products */;
			projectDirPath = "";
			projectRoot = "";
			targets = (
				7610DD842887205200CA03BC /* MultiThreadGame */,
			);
		};
/* End PBXProject section */

/* Begin PBXResourcesBuildPhase section */
		7610DD832887205200CA03BC /* Resources */ = {
			isa = PBXResourcesBuildPhase;
			buildActionMask = 2147483647;
			files = (
				76239196288D917100790775 /* RankingTableViewCell.xib in Resources */,
				768FE53F2887F3C900B0F76D /* easy.mp3 in Resources */,
				7610DD952887205500CA03BC /* LaunchScreen.storyboard in Resources */,
				76E0957D288DC8BD007E00D6 /* hard.mp3 in Resources */,
				768FE53D2887F3C900B0F76D /* medium.mp3 in Resources */,
				768FE5422887F3D000B0F76D /* Spacecard.ttf in Resources */,
				7610DD922887205500CA03BC /* Assets.xcassets in Resources */,
				768FE5502888174B00B0F76D /* teemo.mp3 in Resources */,
				768FE5402887F3C900B0F76D /* ready.mp3 in Resources */,
				768FE5362887F2DC00B0F76D /* boom.mp4 in Resources */,
				7610DD902887205200CA03BC /* Main.storyboard in Resources */,
			);
			runOnlyForDeploymentPostprocessing = 0;
		};
/* End PBXResourcesBuildPhase section */

/* Begin PBXSourcesBuildPhase section */
		7610DD812887205200CA03BC /* Sources */ = {
			isa = PBXSourcesBuildPhase;
			buildActionMask = 2147483647;
			files = (
				768FE5482888051800B0F76D /* MusicPlayer.swift in Sources */,
				76E0957B288DAE6F007E00D6 /* RankManager.swift in Sources */,
				76239199288D937100790775 /* Rank.swift in Sources */,
				768FE5442888040500B0F76D /* ReadyViewController.swift in Sources */,
				7610DD8D2887205200CA03BC /* PlayViewController.swift in Sources */,
				7610DD892887205200CA03BC /* AppDelegate.swift in Sources */,
				76239195288D917100790775 /* RankingTableViewCell.swift in Sources */,
				7610DD8B2887205200CA03BC /* SceneDelegate.swift in Sources */,
				76239191288D908E00790775 /* RankingViewController.swift in Sources */,
			);
			runOnlyForDeploymentPostprocessing = 0;
		};
/* End PBXSourcesBuildPhase section */

/* Begin PBXVariantGroup section */
		7610DD8E2887205200CA03BC /* Main.storyboard */ = {
			isa = PBXVariantGroup;
			children = (
				7610DD8F2887205200CA03BC /* Base */,
			);
			name = Main.storyboard;
			sourceTree = "<group>";
		};
		7610DD932887205500CA03BC /* LaunchScreen.storyboard */ = {
			isa = PBXVariantGroup;
			children = (
				7610DD942887205500CA03BC /* Base */,
			);
			name = LaunchScreen.storyboard;
			sourceTree = "<group>";
		};
/* End PBXVariantGroup section */

/* Begin XCBuildConfiguration section */
		7610DD972887205500CA03BC /* Debug */ = {
			isa = XCBuildConfiguration;
			buildSettings = {
				ALWAYS_SEARCH_USER_PATHS = NO;
				CLANG_ANALYZER_NONNULL = YES;
				CLANG_ANALYZER_NUMBER_OBJECT_CONVERSION = YES_AGGRESSIVE;
				CLANG_CXX_LANGUAGE_STANDARD = "gnu++17";
				CLANG_ENABLE_MODULES = YES;
				CLANG_ENABLE_OBJC_ARC = YES;
				CLANG_ENABLE_OBJC_WEAK = YES;
				CLANG_WARN_BLOCK_CAPTURE_AUTORELEASING = YES;
				CLANG_WARN_BOOL_CONVERSION = YES;
				CLANG_WARN_COMMA = YES;
				CLANG_WARN_CONSTANT_CONVERSION = YES;
				CLANG_WARN_DEPRECATED_OBJC_IMPLEMENTATIONS = YES;
				CLANG_WARN_DIRECT_OBJC_ISA_USAGE = YES_ERROR;
				CLANG_WARN_DOCUMENTATION_COMMENTS = YES;
				CLANG_WARN_EMPTY_BODY = YES;
				CLANG_WARN_ENUM_CONVERSION = YES;
				CLANG_WARN_INFINITE_RECURSION = YES;
				CLANG_WARN_INT_CONVERSION = YES;
				CLANG_WARN_NON_LITERAL_NULL_CONVERSION = YES;
				CLANG_WARN_OBJC_IMPLICIT_RETAIN_SELF = YES;
				CLANG_WARN_OBJC_LITERAL_CONVERSION = YES;
				CLANG_WARN_OBJC_ROOT_CLASS = YES_ERROR;
				CLANG_WARN_QUOTED_INCLUDE_IN_FRAMEWORK_HEADER = YES;
				CLANG_WARN_RANGE_LOOP_ANALYSIS = YES;
				CLANG_WARN_STRICT_PROTOTYPES = YES;
				CLANG_WARN_SUSPICIOUS_MOVE = YES;
				CLANG_WARN_UNGUARDED_AVAILABILITY = YES_AGGRESSIVE;
				CLANG_WARN_UNREACHABLE_CODE = YES;
				CLANG_WARN__DUPLICATE_METHOD_MATCH = YES;
				COPY_PHASE_STRIP = NO;
				DEBUG_INFORMATION_FORMAT = dwarf;
				ENABLE_STRICT_OBJC_MSGSEND = YES;
				ENABLE_TESTABILITY = YES;
				GCC_C_LANGUAGE_STANDARD = gnu11;
				GCC_DYNAMIC_NO_PIC = NO;
				GCC_NO_COMMON_BLOCKS = YES;
				GCC_OPTIMIZATION_LEVEL = 0;
				GCC_PREPROCESSOR_DEFINITIONS = (
					"DEBUG=1",
					"$(inherited)",
				);
				GCC_WARN_64_TO_32_BIT_CONVERSION = YES;
				GCC_WARN_ABOUT_RETURN_TYPE = YES_ERROR;
				GCC_WARN_UNDECLARED_SELECTOR = YES;
				GCC_WARN_UNINITIALIZED_AUTOS = YES_AGGRESSIVE;
				GCC_WARN_UNUSED_FUNCTION = YES;
				GCC_WARN_UNUSED_VARIABLE = YES;
				IPHONEOS_DEPLOYMENT_TARGET = 15.5;
				MTL_ENABLE_DEBUG_INFO = INCLUDE_SOURCE;
				MTL_FAST_MATH = YES;
				ONLY_ACTIVE_ARCH = YES;
				SDKROOT = iphoneos;
				SWIFT_ACTIVE_COMPILATION_CONDITIONS = DEBUG;
				SWIFT_OPTIMIZATION_LEVEL = "-Onone";
			};
			name = Debug;
		};
		7610DD982887205500CA03BC /* Release */ = {
			isa = XCBuildConfiguration;
			buildSettings = {
				ALWAYS_SEARCH_USER_PATHS = NO;
				CLANG_ANALYZER_NONNULL = YES;
				CLANG_ANALYZER_NUMBER_OBJECT_CONVERSION = YES_AGGRESSIVE;
				CLANG_CXX_LANGUAGE_STANDARD = "gnu++17";
				CLANG_ENABLE_MODULES = YES;
				CLANG_ENABLE_OBJC_ARC = YES;
				CLANG_ENABLE_OBJC_WEAK = YES;
				CLANG_WARN_BLOCK_CAPTURE_AUTORELEASING = YES;
				CLANG_WARN_BOOL_CONVERSION = YES;
				CLANG_WARN_COMMA = YES;
				CLANG_WARN_CONSTANT_CONVERSION = YES;
				CLANG_WARN_DEPRECATED_OBJC_IMPLEMENTATIONS = YES;
				CLANG_WARN_DIRECT_OBJC_ISA_USAGE = YES_ERROR;
				CLANG_WARN_DOCUMENTATION_COMMENTS = YES;
				CLANG_WARN_EMPTY_BODY = YES;
				CLANG_WARN_ENUM_CONVERSION = YES;
				CLANG_WARN_INFINITE_RECURSION = YES;
				CLANG_WARN_INT_CONVERSION = YES;
				CLANG_WARN_NON_LITERAL_NULL_CONVERSION = YES;
				CLANG_WARN_OBJC_IMPLICIT_RETAIN_SELF = YES;
				CLANG_WARN_OBJC_LITERAL_CONVERSION = YES;
				CLANG_WARN_OBJC_ROOT_CLASS = YES_ERROR;
				CLANG_WARN_QUOTED_INCLUDE_IN_FRAMEWORK_HEADER = YES;
				CLANG_WARN_RANGE_LOOP_ANALYSIS = YES;
				CLANG_WARN_STRICT_PROTOTYPES = YES;
				CLANG_WARN_SUSPICIOUS_MOVE = YES;
				CLANG_WARN_UNGUARDED_AVAILABILITY = YES_AGGRESSIVE;
				CLANG_WARN_UNREACHABLE_CODE = YES;
				CLANG_WARN__DUPLICATE_METHOD_MATCH = YES;
				COPY_PHASE_STRIP = NO;
				DEBUG_INFORMATION_FORMAT = "dwarf-with-dsym";
				ENABLE_NS_ASSERTIONS = NO;
				ENABLE_STRICT_OBJC_MSGSEND = YES;
				GCC_C_LANGUAGE_STANDARD = gnu11;
				GCC_NO_COMMON_BLOCKS = YES;
				GCC_WARN_64_TO_32_BIT_CONVERSION = YES;
				GCC_WARN_ABOUT_RETURN_TYPE = YES_ERROR;
				GCC_WARN_UNDECLARED_SELECTOR = YES;
				GCC_WARN_UNINITIALIZED_AUTOS = YES_AGGRESSIVE;
				GCC_WARN_UNUSED_FUNCTION = YES;
				GCC_WARN_UNUSED_VARIABLE = YES;
				IPHONEOS_DEPLOYMENT_TARGET = 15.5;
				MTL_ENABLE_DEBUG_INFO = NO;
				MTL_FAST_MATH = YES;
				SDKROOT = iphoneos;
				SWIFT_COMPILATION_MODE = wholemodule;
				SWIFT_OPTIMIZATION_LEVEL = "-O";
				VALIDATE_PRODUCT = YES;
			};
			name = Release;
		};
		7610DD9A2887205500CA03BC /* Debug */ = {
			isa = XCBuildConfiguration;
			buildSettings = {
				ASSETCATALOG_COMPILER_APPICON_NAME = AppIcon;
				ASSETCATALOG_COMPILER_GLOBAL_ACCENT_COLOR_NAME = AccentColor;
				CODE_SIGN_STYLE = Automatic;
				CURRENT_PROJECT_VERSION = 1;
				DEVELOPMENT_TEAM = Y7PRM9H29K;
				GENERATE_INFOPLIST_FILE = YES;
				INFOPLIST_FILE = MultiThreadGame/Info.plist;
				INFOPLIST_KEY_UIApplicationSupportsIndirectInputEvents = YES;
				INFOPLIST_KEY_UILaunchStoryboardName = LaunchScreen;
				INFOPLIST_KEY_UIMainStoryboardFile = Main;
				INFOPLIST_KEY_UISupportedInterfaceOrientations_iPad = "UIInterfaceOrientationPortrait UIInterfaceOrientationPortraitUpsideDown UIInterfaceOrientationLandscapeLeft UIInterfaceOrientationLandscapeRight";
				INFOPLIST_KEY_UISupportedInterfaceOrientations_iPhone = "UIInterfaceOrientationPortrait UIInterfaceOrientationLandscapeLeft UIInterfaceOrientationLandscapeRight";
				LD_RUNPATH_SEARCH_PATHS = (
					"$(inherited)",
					"@executable_path/Frameworks",
				);
				MARKETING_VERSION = 1.0;
				PRODUCT_BUNDLE_IDENTIFIER = com.ohjun.MultiThreadGame;
				PRODUCT_NAME = "$(TARGET_NAME)";
				SWIFT_EMIT_LOC_STRINGS = YES;
				SWIFT_VERSION = 5.0;
				TARGETED_DEVICE_FAMILY = "1,2";
			};
			name = Debug;
		};
		7610DD9B2887205500CA03BC /* Release */ = {
			isa = XCBuildConfiguration;
			buildSettings = {
				ASSETCATALOG_COMPILER_APPICON_NAME = AppIcon;
				ASSETCATALOG_COMPILER_GLOBAL_ACCENT_COLOR_NAME = AccentColor;
				CODE_SIGN_STYLE = Automatic;
				CURRENT_PROJECT_VERSION = 1;
				DEVELOPMENT_TEAM = Y7PRM9H29K;
				GENERATE_INFOPLIST_FILE = YES;
				INFOPLIST_FILE = MultiThreadGame/Info.plist;
				INFOPLIST_KEY_UIApplicationSupportsIndirectInputEvents = YES;
				INFOPLIST_KEY_UILaunchStoryboardName = LaunchScreen;
				INFOPLIST_KEY_UIMainStoryboardFile = Main;
				INFOPLIST_KEY_UISupportedInterfaceOrientations_iPad = "UIInterfaceOrientationPortrait UIInterfaceOrientationPortraitUpsideDown UIInterfaceOrientationLandscapeLeft UIInterfaceOrientationLandscapeRight";
				INFOPLIST_KEY_UISupportedInterfaceOrientations_iPhone = "UIInterfaceOrientationPortrait UIInterfaceOrientationLandscapeLeft UIInterfaceOrientationLandscapeRight";
				LD_RUNPATH_SEARCH_PATHS = (
					"$(inherited)",
					"@executable_path/Frameworks",
				);
				MARKETING_VERSION = 1.0;
				PRODUCT_BUNDLE_IDENTIFIER = com.ohjun.MultiThreadGame;
				PRODUCT_NAME = "$(TARGET_NAME)";
				SWIFT_EMIT_LOC_STRINGS = YES;
				SWIFT_VERSION = 5.0;
				TARGETED_DEVICE_FAMILY = "1,2";
			};
			name = Release;
		};
/* End XCBuildConfiguration section */

/* Begin XCConfigurationList section */
		7610DD802887205200CA03BC /* Build configuration list for PBXProject "MultiThreadGame" */ = {
			isa = XCConfigurationList;
			buildConfigurations = (
				7610DD972887205500CA03BC /* Debug */,
				7610DD982887205500CA03BC /* Release */,
			);
			defaultConfigurationIsVisible = 0;
			defaultConfigurationName = Release;
		};
		7610DD992887205500CA03BC /* Build configuration list for PBXNativeTarget "MultiThreadGame" */ = {
			isa = XCConfigurationList;
			buildConfigurations = (
				7610DD9A2887205500CA03BC /* Debug */,
				7610DD9B2887205500CA03BC /* Release */,
			);
			defaultConfigurationIsVisible = 0;
			defaultConfigurationName = Release;
		};
/* End XCConfigurationList section */
	};
	rootObject = 7610DD7D2887205200CA03BC /* Project object */;
}
